{
  "object": {
    "pins": [
      {
        "package": "JsonModel",
        "repositoryURL": "https://github.com/BiAffectBridge/JsonModel-Swift.git",
        "state": {
          "branch": null,
          "revision": "3274a1192148b9652885d4a6baa50462ae9842b8",
          "version": "2.2.2"
        }
      },
      {
        "package": "MobilePassiveData",
        "repositoryURL": "https://github.com/BiAffectBridge/MobilePassiveData-Swift.git",
        "state": {
          "branch": null,
          "revision": "a766738b422ae2f0a894b63bf823f252b3c1545e",
          "version": "1.6.0"
        }
      }
    ]
  },
  "version": 1
}
